
Microsoft Visual Studio Solution File, Format Version 12.00
Project("{FAE04EC0-301F-11D3-BF4B-00C04F79EFBC}") = "CarConsole", "CarConsole\CarConsole.csproj", "{E1D66D23-5740-4AB3-BA07-61D1911E4882}"
EndProject
Global
	GlobalSection(SolutionConfigurationPlatforms) = preSolution
		Debug|Any CPU = Debug|Any CPU
		Release|Any CPU = Release|Any CPU
	EndGlobalSection
	GlobalSection(ProjectConfigurationPlatforms) = postSolution
		{E1D66D23-5740-4AB3-BA07-61D1911E4882}.Debug|Any CPU.ActiveCfg = Debug|Any CPU
		{E1D66D23-5740-4AB3-BA07-61D1911E4882}.Debug|Any CPU.Build.0 = Debug|Any CPU
		{E1D66D23-5740-4AB3-BA07-61D1911E4882}.Release|Any CPU.ActiveCfg = Release|Any CPU
		{E1D66D23-5740-4AB3-BA07-61D1911E4882}.Release|Any CPU.Build.0 = Release|Any CPU
	EndGlobalSection
EndGlobal
